
Microsoft Visual Studio Solution File, Format Version 12.00
# Visual Studio 14
VisualStudioVersion = 14.0.25420.1
MinimumVisualStudioVersion = 10.0.40219.1
Project("{FAE04EC0-301F-11D3-BF4B-00C04F79EFBC}") = "gitconnect", "gitconnect.csproj", "{FB699590-CD3A-4D26-8C22-FFDB7EE7CD64}"
EndProject
Project("{FAE04EC0-301F-11D3-BF4B-00C04F79EFBC}") = "gitconnect.Infrastructure", "gitconnect.Infrastructure\gitconnect.Infrastructure.csproj", "{0BAA28E2-7C84-419F-8AE2-D605556944B2}"
EndProject
Project("{FAE04EC0-301F-11D3-BF4B-00C04F79EFBC}") = "gitconnect.Model", "..\gitconnect.Model\gitconnect.Model.csproj", "{7AC2268E-1200-4675-9DFB-9DE1105F1539}"
EndProject
Project("{FAE04EC0-301F-11D3-BF4B-00C04F79EFBC}") = "gitconnect.Model.Tests", "gitconnect.Model.Tests\gitconnect.Model.Tests.csproj", "{493AE5B1-B0A4-411A-A248-A081994294D8}"
EndProject
Global
	GlobalSection(SolutionConfigurationPlatforms) = preSolution
		Debug|Any CPU = Debug|Any CPU
		Release|Any CPU = Release|Any CPU
	EndGlobalSection
	GlobalSection(ProjectConfigurationPlatforms) = postSolution
		{FB699590-CD3A-4D26-8C22-FFDB7EE7CD64}.Debug|Any CPU.ActiveCfg = Debug|Any CPU
		{FB699590-CD3A-4D26-8C22-FFDB7EE7CD64}.Debug|Any CPU.Build.0 = Debug|Any CPU
		{FB699590-CD3A-4D26-8C22-FFDB7EE7CD64}.Release|Any CPU.ActiveCfg = Release|Any CPU
		{FB699590-CD3A-4D26-8C22-FFDB7EE7CD64}.Release|Any CPU.Build.0 = Release|Any CPU
		{0BAA28E2-7C84-419F-8AE2-D605556944B2}.Debug|Any CPU.ActiveCfg = Debug|Any CPU
		{0BAA28E2-7C84-419F-8AE2-D605556944B2}.Debug|Any CPU.Build.0 = Debug|Any CPU
		{0BAA28E2-7C84-419F-8AE2-D605556944B2}.Release|Any CPU.ActiveCfg = Release|Any CPU
		{0BAA28E2-7C84-419F-8AE2-D605556944B2}.Release|Any CPU.Build.0 = Release|Any CPU
		{7AC2268E-1200-4675-9DFB-9DE1105F1539}.Debug|Any CPU.ActiveCfg = Debug|Any CPU
		{7AC2268E-1200-4675-9DFB-9DE1105F1539}.Debug|Any CPU.Build.0 = Debug|Any CPU
		{7AC2268E-1200-4675-9DFB-9DE1105F1539}.Release|Any CPU.ActiveCfg = Release|Any CPU
		{7AC2268E-1200-4675-9DFB-9DE1105F1539}.Release|Any CPU.Build.0 = Release|Any CPU
		{493AE5B1-B0A4-411A-A248-A081994294D8}.Debug|Any CPU.ActiveCfg = Debug|Any CPU
		{493AE5B1-B0A4-411A-A248-A081994294D8}.Debug|Any CPU.Build.0 = Debug|Any CPU
		{493AE5B1-B0A4-411A-A248-A081994294D8}.Release|Any CPU.ActiveCfg = Release|Any CPU
		{493AE5B1-B0A4-411A-A248-A081994294D8}.Release|Any CPU.Build.0 = Release|Any CPU
	EndGlobalSection
	GlobalSection(SolutionProperties) = preSolution
		HideSolutionNode = FALSE
	EndGlobalSection
EndGlobal
